// !$*UTF8*$!
{
	archiveVersion = 1;
	classes = {
	};
	objectVersion = 56;
	objects = {

/* Begin PBXBuildFile section */
		4E5CDE9E2B90C849006D5443 /* MapyApp.swift in Sources */ = {isa = PBXBuildFile; fileRef = 4E5CDE9D2B90C849006D5443 /* MapyApp.swift */; };
		4E5CDEA02B90C849006D5443 /* ContentView.swift in Sources */ = {isa = PBXBuildFile; fileRef = 4E5CDE9F2B90C849006D5443 /* ContentView.swift */; };
		4E5CDEA52B90C84B006D5443 /* Preview Assets.xcassets in Resources */ = {isa = PBXBuildFile; fileRef = 4E5CDEA42B90C84B006D5443 /* Preview Assets.xcassets */; };
		4E5CDEAC2B90C8EE006D5443 /* Assets.xcassets in Resources */ = {isa = PBXBuildFile; fileRef = 4E5CDEAB2B90C8EE006D5443 /* Assets.xcassets */; };
		4E5CDEB32B90D5F0006D5443 /* Location.swift in Sources */ = {isa = PBXBuildFile; fileRef = 4E5CDEB22B90D5F0006D5443 /* Location.swift */; };
		4E5CDEB62B90D7B9006D5443 /* LocationsDataService.swift in Sources */ = {isa = PBXBuildFile; fileRef = 4E5CDEB52B90D7B9006D5443 /* LocationsDataService.swift */; };
		4E5CDEB92B90FA47006D5443 /* LocationsView.swift in Sources */ = {isa = PBXBuildFile; fileRef = 4E5CDEB82B90FA47006D5443 /* LocationsView.swift */; };
		4E5CDEBB2B913171006D5443 /* LocationsViewModel.swift in Sources */ = {isa = PBXBuildFile; fileRef = 4E5CDEBA2B913171006D5443 /* LocationsViewModel.swift */; };
		4E5CDEBD2B920002006D5443 /* LocationsListView.swift in Sources */ = {isa = PBXBuildFile; fileRef = 4E5CDEBC2B920002006D5443 /* LocationsListView.swift */; };
		4E5CDEBF2B937CD7006D5443 /* LocationPreviewView.swift in Sources */ = {isa = PBXBuildFile; fileRef = 4E5CDEBE2B937CD7006D5443 /* LocationPreviewView.swift */; };
/* End PBXBuildFile section */

/* Begin PBXFileReference section */
		4E5CDE9A2B90C849006D5443 /* Mapy.app */ = {isa = PBXFileReference; explicitFileType = wrapper.application; includeInIndex = 0; path = Mapy.app; sourceTree = BUILT_PRODUCTS_DIR; };
		4E5CDE9D2B90C849006D5443 /* MapyApp.swift */ = {isa = PBXFileReference; lastKnownFileType = sourcecode.swift; path = MapyApp.swift; sourceTree = "<group>"; };
		4E5CDE9F2B90C849006D5443 /* ContentView.swift */ = {isa = PBXFileReference; lastKnownFileType = sourcecode.swift; path = ContentView.swift; sourceTree = "<group>"; };
		4E5CDEA42B90C84B006D5443 /* Preview Assets.xcassets */ = {isa = PBXFileReference; lastKnownFileType = folder.assetcatalog; path = "Preview Assets.xcassets"; sourceTree = "<group>"; };
		4E5CDEAB2B90C8EE006D5443 /* Assets.xcassets */ = {isa = PBXFileReference; lastKnownFileType = folder.assetcatalog; path = Assets.xcassets; sourceTree = "<group>"; };
		4E5CDEB22B90D5F0006D5443 /* Location.swift */ = {isa = PBXFileReference; lastKnownFileType = sourcecode.swift; path = Location.swift; sourceTree = "<group>"; };
		4E5CDEB52B90D7B9006D5443 /* LocationsDataService.swift */ = {isa = PBXFileReference; fileEncoding = 4; lastKnownFileType = sourcecode.swift; path = LocationsDataService.swift; sourceTree = "<group>"; };
		4E5CDEB82B90FA47006D5443 /* LocationsView.swift */ = {isa = PBXFileReference; lastKnownFileType = sourcecode.swift; path = LocationsView.swift; sourceTree = "<group>"; };
		4E5CDEBA2B913171006D5443 /* LocationsViewModel.swift */ = {isa = PBXFileReference; lastKnownFileType = sourcecode.swift; path = LocationsViewModel.swift; sourceTree = "<group>"; };
		4E5CDEBC2B920002006D5443 /* LocationsListView.swift */ = {isa = PBXFileReference; lastKnownFileType = sourcecode.swift; path = LocationsListView.swift; sourceTree = "<group>"; };
		4E5CDEBE2B937CD7006D5443 /* LocationPreviewView.swift */ = {isa = PBXFileReference; lastKnownFileType = sourcecode.swift; path = LocationPreviewView.swift; sourceTree = "<group>"; };
/* End PBXFileReference section */

/* Begin PBXFrameworksBuildPhase section */
		4E5CDE972B90C849006D5443 /* Frameworks */ = {
			isa = PBXFrameworksBuildPhase;
			buildActionMask = 2147483647;
			files = (
			);
			runOnlyForDeploymentPostprocessing = 0;
		};
/* End PBXFrameworksBuildPhase section */

/* Begin PBXGroup section */
		4E5CDE912B90C849006D5443 = {
			isa = PBXGroup;
			children = (
				4E5CDE9C2B90C849006D5443 /* Mapy */,
				4E5CDE9B2B90C849006D5443 /* Products */,
			);
			sourceTree = "<group>";
		};
		4E5CDE9B2B90C849006D5443 /* Products */ = {
			isa = PBXGroup;
			children = (
				4E5CDE9A2B90C849006D5443 /* Mapy.app */,
			);
			name = Products;
			sourceTree = "<group>";
		};
		4E5CDE9C2B90C849006D5443 /* Mapy */ = {
			isa = PBXGroup;
			children = (
				4E5CDEB72B90FA11006D5443 /* App */,
				4E5CDEB42B90D66D006D5443 /* DataServices */,
				4E5CDEAD2B90D5B3006D5443 /* Views */,
				4E5CDEAE2B90D5B8006D5443 /* ViewModels */,
				4E5CDEAF2B90D5BF006D5443 /* Models */,
				4E5CDE9F2B90C849006D5443 /* ContentView.swift */,
				4E5CDEAB2B90C8EE006D5443 /* Assets.xcassets */,
				4E5CDEA32B90C84B006D5443 /* Preview Content */,
			);
			path = Mapy;
			sourceTree = "<group>";
		};
		4E5CDEA32B90C84B006D5443 /* Preview Content */ = {
			isa = PBXGroup;
			children = (
				4E5CDEA42B90C84B006D5443 /* Preview Assets.xcassets */,
			);
			path = "Preview Content";
			sourceTree = "<group>";
		};
		4E5CDEAD2B90D5B3006D5443 /* Views */ = {
			isa = PBXGroup;
			children = (
				4E5CDEB82B90FA47006D5443 /* LocationsView.swift */,
				4E5CDEBC2B920002006D5443 /* LocationsListView.swift */,
				4E5CDEBE2B937CD7006D5443 /* LocationPreviewView.swift */,
			);
			path = Views;
			sourceTree = "<group>";
		};
		4E5CDEAE2B90D5B8006D5443 /* ViewModels */ = {
			isa = PBXGroup;
			children = (
				4E5CDEBA2B913171006D5443 /* LocationsViewModel.swift */,
			);
			path = ViewModels;
			sourceTree = "<group>";
		};
		4E5CDEAF2B90D5BF006D5443 /* Models */ = {
			isa = PBXGroup;
			children = (
				4E5CDEB22B90D5F0006D5443 /* Location.swift */,
			);
			path = Models;
			sourceTree = "<group>";
		};
		4E5CDEB42B90D66D006D5443 /* DataServices */ = {
			isa = PBXGroup;
			children = (
				4E5CDEB52B90D7B9006D5443 /* LocationsDataService.swift */,
			);
			path = DataServices;
			sourceTree = "<group>";
		};
		4E5CDEB72B90FA11006D5443 /* App */ = {
			isa = PBXGroup;
			children = (
				4E5CDE9D2B90C849006D5443 /* MapyApp.swift */,
			);
			path = App;
			sourceTree = "<group>";
		};
/* End PBXGroup section */

/* Begin PBXNativeTarget section */
		4E5CDE992B90C849006D5443 /* Mapy */ = {
			isa = PBXNativeTarget;
			buildConfigurationList = 4E5CDEA82B90C84B006D5443 /* Build configuration list for PBXNativeTarget "Mapy" */;
			buildPhases = (
				4E5CDE962B90C849006D5443 /* Sources */,
				4E5CDE972B90C849006D5443 /* Frameworks */,
				4E5CDE982B90C849006D5443 /* Resources */,
			);
			buildRules = (
			);
			dependencies = (
			);
			name = Mapy;
			productName = Mapy;
			productReference = 4E5CDE9A2B90C849006D5443 /* Mapy.app */;
			productType = "com.apple.product-type.application";
		};
/* End PBXNativeTarget section */

/* Begin PBXProject section */
		4E5CDE922B90C849006D5443 /* Project object */ = {
			isa = PBXProject;
			attributes = {
				BuildIndependentTargetsInParallel = 1;
				LastSwiftUpdateCheck = 1520;
				LastUpgradeCheck = 1520;
				TargetAttributes = {
					4E5CDE992B90C849006D5443 = {
						CreatedOnToolsVersion = 15.2;
					};
				};
			};
			buildConfigurationList = 4E5CDE952B90C849006D5443 /* Build configuration list for PBXProject "Mapy" */;
			compatibilityVersion = "Xcode 14.0";
			developmentRegion = en;
			hasScannedForEncodings = 0;
			knownRegions = (
				en,
				Base,
			);
			mainGroup = 4E5CDE912B90C849006D5443;
			productRefGroup = 4E5CDE9B2B90C849006D5443 /* Products */;
			projectDirPath = "";
			projectRoot = "";
			targets = (
				4E5CDE992B90C849006D5443 /* Mapy */,
			);
		};
/* End PBXProject section */

/* Begin PBXResourcesBuildPhase section */
		4E5CDE982B90C849006D5443 /* Resources */ = {
			isa = PBXResourcesBuildPhase;
			buildActionMask = 2147483647;
			files = (
				4E5CDEAC2B90C8EE006D5443 /* Assets.xcassets in Resources */,
				4E5CDEA52B90C84B006D5443 /* Preview Assets.xcassets in Resources */,
			);
			runOnlyForDeploymentPostprocessing = 0;
		};
/* End PBXResourcesBuildPhase section */

/* Begin PBXSourcesBuildPhase section */
		4E5CDE962B90C849006D5443 /* Sources */ = {
			isa = PBXSourcesBuildPhase;
			buildActionMask = 2147483647;
			files = (
				4E5CDEB62B90D7B9006D5443 /* LocationsDataService.swift in Sources */,
				4E5CDEBD2B920002006D5443 /* LocationsListView.swift in Sources */,
				4E5CDEBF2B937CD7006D5443 /* LocationPreviewView.swift in Sources */,
				4E5CDEBB2B913171006D5443 /* LocationsViewModel.swift in Sources */,
				4E5CDEA02B90C849006D5443 /* ContentView.swift in Sources */,
				4E5CDEB92B90FA47006D5443 /* LocationsView.swift in Sources */,
				4E5CDEB32B90D5F0006D5443 /* Location.swift in Sources */,
				4E5CDE9E2B90C849006D5443 /* MapyApp.swift in Sources */,
			);
			runOnlyForDeploymentPostprocessing = 0;
		};
/* End PBXSourcesBuildPhase section */

/* Begin XCBuildConfiguration section */
		4E5CDEA62B90C84B006D5443 /* Debug */ = {
			isa = XCBuildConfiguration;
			buildSettings = {
				ALWAYS_SEARCH_USER_PATHS = NO;
				ASSETCATALOG_COMPILER_GENERATE_SWIFT_ASSET_SYMBOL_EXTENSIONS = YES;
				CLANG_ANALYZER_NONNULL = YES;
				CLANG_ANALYZER_NUMBER_OBJECT_CONVERSION = YES_AGGRESSIVE;
				CLANG_CXX_LANGUAGE_STANDARD = "gnu++20";
				CLANG_ENABLE_MODULES = YES;
				CLANG_ENABLE_OBJC_ARC = YES;
				CLANG_ENABLE_OBJC_WEAK = YES;
				CLANG_WARN_BLOCK_CAPTURE_AUTORELEASING = YES;
				CLANG_WARN_BOOL_CONVERSION = YES;
				CLANG_WARN_COMMA = YES;
				CLANG_WARN_CONSTANT_CONVERSION = YES;
				CLANG_WARN_DEPRECATED_OBJC_IMPLEMENTATIONS = YES;
				CLANG_WARN_DIRECT_OBJC_ISA_USAGE = YES_ERROR;
				CLANG_WARN_DOCUMENTATION_COMMENTS = YES;
				CLANG_WARN_EMPTY_BODY = YES;
				CLANG_WARN_ENUM_CONVERSION = YES;
				CLANG_WARN_INFINITE_RECURSION = YES;
				CLANG_WARN_INT_CONVERSION = YES;
				CLANG_WARN_NON_LITERAL_NULL_CONVERSION = YES;
				CLANG_WARN_OBJC_IMPLICIT_RETAIN_SELF = YES;
				CLANG_WARN_OBJC_LITERAL_CONVERSION = YES;
				CLANG_WARN_OBJC_ROOT_CLASS = YES_ERROR;
				CLANG_WARN_QUOTED_INCLUDE_IN_FRAMEWORK_HEADER = YES;
				CLANG_WARN_RANGE_LOOP_ANALYSIS = YES;
				CLANG_WARN_STRICT_PROTOTYPES = YES;
				CLANG_WARN_SUSPICIOUS_MOVE = YES;
				CLANG_WARN_UNGUARDED_AVAILABILITY = YES_AGGRESSIVE;
				CLANG_WARN_UNREACHABLE_CODE = YES;
				CLANG_WARN__DUPLICATE_METHOD_MATCH = YES;
				COPY_PHASE_STRIP = NO;
				DEBUG_INFORMATION_FORMAT = dwarf;
				ENABLE_STRICT_OBJC_MSGSEND = YES;
				ENABLE_TESTABILITY = YES;
				ENABLE_USER_SCRIPT_SANDBOXING = YES;
				GCC_C_LANGUAGE_STANDARD = gnu17;
				GCC_DYNAMIC_NO_PIC = NO;
				GCC_NO_COMMON_BLOCKS = YES;
				GCC_OPTIMIZATION_LEVEL = 0;
				GCC_PREPROCESSOR_DEFINITIONS = (
					"DEBUG=1",
					"$(inherited)",
				);
				GCC_WARN_64_TO_32_BIT_CONVERSION = YES;
				GCC_WARN_ABOUT_RETURN_TYPE = YES_ERROR;
				GCC_WARN_UNDECLARED_SELECTOR = YES;
				GCC_WARN_UNINITIALIZED_AUTOS = YES_AGGRESSIVE;
				GCC_WARN_UNUSED_FUNCTION = YES;
				GCC_WARN_UNUSED_VARIABLE = YES;
				IPHONEOS_DEPLOYMENT_TARGET = 17.2;
				LOCALIZATION_PREFERS_STRING_CATALOGS = YES;
				MTL_ENABLE_DEBUG_INFO = INCLUDE_SOURCE;
				MTL_FAST_MATH = YES;
				ONLY_ACTIVE_ARCH = YES;
				SDKROOT = iphoneos;
				SWIFT_ACTIVE_COMPILATION_CONDITIONS = "DEBUG $(inherited)";
				SWIFT_OPTIMIZATION_LEVEL = "-Onone";
			};
			name = Debug;
		};
		4E5CDEA72B90C84B006D5443 /* Release */ = {
			isa = XCBuildConfiguration;
			buildSettings = {
				ALWAYS_SEARCH_USER_PATHS = NO;
				ASSETCATALOG_COMPILER_GENERATE_SWIFT_ASSET_SYMBOL_EXTENSIONS = YES;
				CLANG_ANALYZER_NONNULL = YES;
				CLANG_ANALYZER_NUMBER_OBJECT_CONVERSION = YES_AGGRESSIVE;
				CLANG_CXX_LANGUAGE_STANDARD = "gnu++20";
				CLANG_ENABLE_MODULES = YES;
				CLANG_ENABLE_OBJC_ARC = YES;
				CLANG_ENABLE_OBJC_WEAK = YES;
				CLANG_WARN_BLOCK_CAPTURE_AUTORELEASING = YES;
				CLANG_WARN_BOOL_CONVERSION = YES;
				CLANG_WARN_COMMA = YES;
				CLANG_WARN_CONSTANT_CONVERSION = YES;
				CLANG_WARN_DEPRECATED_OBJC_IMPLEMENTATIONS = YES;
				CLANG_WARN_DIRECT_OBJC_ISA_USAGE = YES_ERROR;
				CLANG_WARN_DOCUMENTATION_COMMENTS = YES;
				CLANG_WARN_EMPTY_BODY = YES;
				CLANG_WARN_ENUM_CONVERSION = YES;
				CLANG_WARN_INFINITE_RECURSION = YES;
				CLANG_WARN_INT_CONVERSION = YES;
				CLANG_WARN_NON_LITERAL_NULL_CONVERSION = YES;
				CLANG_WARN_OBJC_IMPLICIT_RETAIN_SELF = YES;
				CLANG_WARN_OBJC_LITERAL_CONVERSION = YES;
				CLANG_WARN_OBJC_ROOT_CLASS = YES_ERROR;
				CLANG_WARN_QUOTED_INCLUDE_IN_FRAMEWORK_HEADER = YES;
				CLANG_WARN_RANGE_LOOP_ANALYSIS = YES;
				CLANG_WARN_STRICT_PROTOTYPES = YES;
				CLANG_WARN_SUSPICIOUS_MOVE = YES;
				CLANG_WARN_UNGUARDED_AVAILABILITY = YES_AGGRESSIVE;
				CLANG_WARN_UNREACHABLE_CODE = YES;
				CLANG_WARN__DUPLICATE_METHOD_MATCH = YES;
				COPY_PHASE_STRIP = NO;
				DEBUG_INFORMATION_FORMAT = "dwarf-with-dsym";
				ENABLE_NS_ASSERTIONS = NO;
				ENABLE_STRICT_OBJC_MSGSEND = YES;
				ENABLE_USER_SCRIPT_SANDBOXING = YES;
				GCC_C_LANGUAGE_STANDARD = gnu17;
				GCC_NO_COMMON_BLOCKS = YES;
				GCC_WARN_64_TO_32_BIT_CONVERSION = YES;
				GCC_WARN_ABOUT_RETURN_TYPE = YES_ERROR;
				GCC_WARN_UNDECLARED_SELECTOR = YES;
				GCC_WARN_UNINITIALIZED_AUTOS = YES_AGGRESSIVE;
				GCC_WARN_UNUSED_FUNCTION = YES;
				GCC_WARN_UNUSED_VARIABLE = YES;
				IPHONEOS_DEPLOYMENT_TARGET = 17.2;
				LOCALIZATION_PREFERS_STRING_CATALOGS = YES;
				MTL_ENABLE_DEBUG_INFO = NO;
				MTL_FAST_MATH = YES;
				SDKROOT = iphoneos;
				SWIFT_COMPILATION_MODE = wholemodule;
				VALIDATE_PRODUCT = YES;
			};
			name = Release;
		};
		4E5CDEA92B90C84B006D5443 /* Debug */ = {
			isa = XCBuildConfiguration;
			buildSettings = {
				ASSETCATALOG_COMPILER_APPICON_NAME = AppIcon;
				ASSETCATALOG_COMPILER_GLOBAL_ACCENT_COLOR_NAME = AccentColor;
				CODE_SIGN_STYLE = Automatic;
				CURRENT_PROJECT_VERSION = 1;
				DEVELOPMENT_ASSET_PATHS = "\"Mapy/Preview Content\"";
				DEVELOPMENT_TEAM = 385M435SA4;
				ENABLE_PREVIEWS = YES;
				GENERATE_INFOPLIST_FILE = YES;
				INFOPLIST_KEY_UIApplicationSceneManifest_Generation = YES;
				INFOPLIST_KEY_UIApplicationSupportsIndirectInputEvents = YES;
				INFOPLIST_KEY_UILaunchScreen_Generation = YES;
				INFOPLIST_KEY_UISupportedInterfaceOrientations_iPad = "UIInterfaceOrientationPortrait UIInterfaceOrientationPortraitUpsideDown UIInterfaceOrientationLandscapeLeft UIInterfaceOrientationLandscapeRight";
				INFOPLIST_KEY_UISupportedInterfaceOrientations_iPhone = "UIInterfaceOrientationPortrait UIInterfaceOrientationLandscapeLeft UIInterfaceOrientationLandscapeRight";
				LD_RUNPATH_SEARCH_PATHS = (
					"$(inherited)",
					"@executable_path/Frameworks",
				);
				MARKETING_VERSION = 1.0;
				PRODUCT_BUNDLE_IDENTIFIER = com.mertdurkaya.Mapy;
				PRODUCT_NAME = "$(TARGET_NAME)";
				SWIFT_EMIT_LOC_STRINGS = YES;
				SWIFT_VERSION = 5.0;
				TARGETED_DEVICE_FAMILY = "1,2";
			};
			name = Debug;
		};
		4E5CDEAA2B90C84B006D5443 /* Release */ = {
			isa = XCBuildConfiguration;
			buildSettings = {
				ASSETCATALOG_COMPILER_APPICON_NAME = AppIcon;
				ASSETCATALOG_COMPILER_GLOBAL_ACCENT_COLOR_NAME = AccentColor;
				CODE_SIGN_STYLE = Automatic;
				CURRENT_PROJECT_VERSION = 1;
				DEVELOPMENT_ASSET_PATHS = "\"Mapy/Preview Content\"";
				DEVELOPMENT_TEAM = 385M435SA4;
				ENABLE_PREVIEWS = YES;
				GENERATE_INFOPLIST_FILE = YES;
				INFOPLIST_KEY_UIApplicationSceneManifest_Generation = YES;
				INFOPLIST_KEY_UIApplicationSupportsIndirectInputEvents = YES;
				INFOPLIST_KEY_UILaunchScreen_Generation = YES;
				INFOPLIST_KEY_UISupportedInterfaceOrientations_iPad = "UIInterfaceOrientationPortrait UIInterfaceOrientationPortraitUpsideDown UIInterfaceOrientationLandscapeLeft UIInterfaceOrientationLandscapeRight";
				INFOPLIST_KEY_UISupportedInterfaceOrientations_iPhone = "UIInterfaceOrientationPortrait UIInterfaceOrientationLandscapeLeft UIInterfaceOrientationLandscapeRight";
				LD_RUNPATH_SEARCH_PATHS = (
					"$(inherited)",
					"@executable_path/Frameworks",
				);
				MARKETING_VERSION = 1.0;
				PRODUCT_BUNDLE_IDENTIFIER = com.mertdurkaya.Mapy;
				PRODUCT_NAME = "$(TARGET_NAME)";
				SWIFT_EMIT_LOC_STRINGS = YES;
				SWIFT_VERSION = 5.0;
				TARGETED_DEVICE_FAMILY = "1,2";
			};
			name = Release;
		};
/* End XCBuildConfiguration section */

/* Begin XCConfigurationList section */
		4E5CDE952B90C849006D5443 /* Build configuration list for PBXProject "Mapy" */ = {
			isa = XCConfigurationList;
			buildConfigurations = (
				4E5CDEA62B90C84B006D5443 /* Debug */,
				4E5CDEA72B90C84B006D5443 /* Release */,
			);
			defaultConfigurationIsVisible = 0;
			defaultConfigurationName = Release;
		};
		4E5CDEA82B90C84B006D5443 /* Build configuration list for PBXNativeTarget "Mapy" */ = {
			isa = XCConfigurationList;
			buildConfigurations = (
				4E5CDEA92B90C84B006D5443 /* Debug */,
				4E5CDEAA2B90C84B006D5443 /* Release */,
			);
			defaultConfigurationIsVisible = 0;
			defaultConfigurationName = Release;
		};
/* End XCConfigurationList section */
	};
	rootObject = 4E5CDE922B90C849006D5443 /* Project object */;
}
